Microsoft Visual Studio Solution File, Format Version 12.00
# Visual Studio Version 17
VisualStudioVersion = 17.0.31903.59
MinimumVisualStudioVersion = 10.0.40219.1
Project("{FAE04EC0-301F-11D3-BF4B-00C04F79EFBC}") = "MyProject", "MyProject\MyProject.csproj", "{D8180D82-4167-430F-8B2D-A9774FB9248A}"
EndProject
Project("{FAE04EC0-301F-11D3-BF4B-00C04F79EFBC}") = "ManpowerMonitoringTool", "ManpowerMonitoringTool\ManpowerMonitoringTool.csproj", "{D97E4F87-70E5-42C1-A510-31D829F4E682}"
EndProject
Global
	GlobalSection(SolutionConfigurationPlatforms) = preSolution
		Debug|Any CPU = Debug|Any CPU
		Release|Any CPU = Release|Any CPU
	EndGlobalSection
	GlobalSection(ProjectConfigurationPlatforms) = postSolution
		{D8180D82-4167-430F-8B2D-A9774FB9248A}.Debug|Any CPU.ActiveCfg = Debug|Any CPU
		{D8180D82-4167-430F-8B2D-A9774FB9248A}.Debug|Any CPU.Build.0 = Debug|Any CPU
		{D8180D82-4167-430F-8B2D-A9774FB9248A}.Release|Any CPU.ActiveCfg = Release|Any CPU
		{D8180D82-4167-430F-8B2D-A9774FB9248A}.Release|Any CPU.Build.0 = Release|Any CPU
		{D97E4F87-70E5-42C1-A510-31D829F4E682}.Debug|Any CPU.ActiveCfg = Debug|Any CPU
		{D97E4F87-70E5-42C1-A510-31D829F4E682}.Debug|Any CPU.Build.0 = Debug|Any CPU
		{D97E4F87-70E5-42C1-A510-31D829F4E682}.Release|Any CPU.ActiveCfg = Release|Any CPU
		{D97E4F87-70E5-42C1-A510-31D829F4E682}.Release|Any CPU.Build.0 = Release|Any CPU
	EndGlobalSection
EndGlobal
